// !$*UTF8*$!
{
	archiveVersion = 1;
	classes = {
	};
	objectVersion = 46;
	objects = {

/* Begin PBXBuildFile section */
		08EB10671F2B097300A34A89 /* AppDelegate.m in Sources */ = {isa = PBXBuildFile; fileRef = 08EB105D1F2B097300A34A89 /* AppDelegate.m */; };
		08EB10681F2B097300A34A89 /* Assets.xcassets in Resources */ = {isa = PBXBuildFile; fileRef = 08EB105E1F2B097300A34A89 /* Assets.xcassets */; };
		08EB10691F2B097300A34A89 /* LaunchScreen.storyboard in Resources */ = {isa = PBXBuildFile; fileRef = 08EB105F1F2B097300A34A89 /* LaunchScreen.storyboard */; };
		08EB106A1F2B097300A34A89 /* Main.storyboard in Resources */ = {isa = PBXBuildFile; fileRef = 08EB10611F2B097300A34A89 /* Main.storyboard */; };
		08EB106C1F2B097300A34A89 /* main.m in Sources */ = {isa = PBXBuildFile; fileRef = 08EB10641F2B097300A34A89 /* main.m */; };
		08EB106D1F2B097300A34A89 /* ViewController.m in Sources */ = {isa = PBXBuildFile; fileRef = 08EB10661F2B097300A34A89 /* ViewController.m */; };
		08EB10711F2B097F00A34A89 /* UIView+UIAppearance+Private.m in Sources */ = {isa = PBXBuildFile; fileRef = 08EB10701F2B097F00A34A89 /* UIView+UIAppearance+Private.m */; };
/* End PBXBuildFile section */

/* Begin PBXFileReference section */
		08CDC0CC1D565370008ADCF6 /* Demo.app */ = {isa = PBXFileReference; explicitFileType = wrapper.application; includeInIndex = 0; path = Demo.app; sourceTree = BUILT_PRODUCTS_DIR; };
		08EB105C1F2B097300A34A89 /* AppDelegate.h */ = {isa = PBXFileReference; fileEncoding = 4; lastKnownFileType = sourcecode.c.h; path = AppDelegate.h; sourceTree = "<group>"; };
		08EB105D1F2B097300A34A89 /* AppDelegate.m */ = {isa = PBXFileReference; fileEncoding = 4; lastKnownFileType = sourcecode.c.objc; path = AppDelegate.m; sourceTree = "<group>"; };
		08EB105E1F2B097300A34A89 /* Assets.xcassets */ = {isa = PBXFileReference; lastKnownFileType = folder.assetcatalog; path = Assets.xcassets; sourceTree = "<group>"; };
		08EB10601F2B097300A34A89 /* Base */ = {isa = PBXFileReference; lastKnownFileType = file.storyboard; name = Base; path = Base.lproj/LaunchScreen.storyboard; sourceTree = "<group>"; };
		08EB10621F2B097300A34A89 /* Base */ = {isa = PBXFileReference; lastKnownFileType = file.storyboard; name = Base; path = Base.lproj/Main.storyboard; sourceTree = "<group>"; };
		08EB10631F2B097300A34A89 /* Info.plist */ = {isa = PBXFileReference; fileEncoding = 4; lastKnownFileType = text.plist.xml; path = Info.plist; sourceTree = "<group>"; };
		08EB10641F2B097300A34A89 /* main.m */ = {isa = PBXFileReference; fileEncoding = 4; lastKnownFileType = sourcecode.c.objc; path = main.m; sourceTree = "<group>"; };
		08EB10651F2B097300A34A89 /* ViewController.h */ = {isa = PBXFileReference; fileEncoding = 4; lastKnownFileType = sourcecode.c.h; path = ViewController.h; sourceTree = "<group>"; };
		08EB10661F2B097300A34A89 /* ViewController.m */ = {isa = PBXFileReference; fileEncoding = 4; lastKnownFileType = sourcecode.c.objc; path = ViewController.m; sourceTree = "<group>"; };
		08EB106F1F2B097F00A34A89 /* UIView+UIAppearance+Private.h */ = {isa = PBXFileReference; fileEncoding = 4; lastKnownFileType = sourcecode.c.h; path = "UIView+UIAppearance+Private.h"; sourceTree = "<group>"; };
		08EB10701F2B097F00A34A89 /* UIView+UIAppearance+Private.m */ = {isa = PBXFileReference; fileEncoding = 4; lastKnownFileType = sourcecode.c.objc; path = "UIView+UIAppearance+Private.m"; sourceTree = "<group>"; };
/* End PBXFileReference section */

/* Begin PBXFrameworksBuildPhase section */
		08CDC0C91D565370008ADCF6 /* Frameworks */ = {
			isa = PBXFrameworksBuildPhase;
			buildActionMask = 2147483647;
			files = (
			);
			runOnlyForDeploymentPostprocessing = 0;
		};
/* End PBXFrameworksBuildPhase section */

/* Begin PBXGroup section */
		08CDC0C31D565370008ADCF6 = {
			isa = PBXGroup;
			children = (
				08EB106E1F2B097F00A34A89 /* UIView+UIAppearance+Private */,
				08EB105B1F2B097300A34A89 /* Demo */,
				08CDC0CD1D565370008ADCF6 /* Products */,
				7DCA2C8F6D20B355AEBA2CBF /* Frameworks */,
			);
			sourceTree = "<group>";
		};
		08CDC0CD1D565370008ADCF6 /* Products */ = {
			isa = PBXGroup;
			children = (
				08CDC0CC1D565370008ADCF6 /* Demo.app */,
			);
			name = Products;
			sourceTree = "<group>";
		};
		08EB105B1F2B097300A34A89 /* Demo */ = {
			isa = PBXGroup;
			children = (
				08EB105C1F2B097300A34A89 /* AppDelegate.h */,
				08EB105D1F2B097300A34A89 /* AppDelegate.m */,
				08EB105E1F2B097300A34A89 /* Assets.xcassets */,
				08EB105F1F2B097300A34A89 /* LaunchScreen.storyboard */,
				08EB10611F2B097300A34A89 /* Main.storyboard */,
				08EB10631F2B097300A34A89 /* Info.plist */,
				08EB10641F2B097300A34A89 /* main.m */,
				08EB10651F2B097300A34A89 /* ViewController.h */,
				08EB10661F2B097300A34A89 /* ViewController.m */,
			);
			path = Demo;
			sourceTree = "<group>";
		};
		08EB106E1F2B097F00A34A89 /* UIView+UIAppearance+Private */ = {
			isa = PBXGroup;
			children = (
				08EB106F1F2B097F00A34A89 /* UIView+UIAppearance+Private.h */,
				08EB10701F2B097F00A34A89 /* UIView+UIAppearance+Private.m */,
			);
			path = "UIView+UIAppearance+Private";
			sourceTree = "<group>";
		};
		7DCA2C8F6D20B355AEBA2CBF /* Frameworks */ = {
			isa = PBXGroup;
			children = (
			);
			name = Frameworks;
			sourceTree = "<group>";
		};
/* End PBXGroup section */

/* Begin PBXNativeTarget section */
		08CDC0CB1D565370008ADCF6 /* Demo */ = {
			isa = PBXNativeTarget;
			buildConfigurationList = 08CDC0F91D565371008ADCF6 /* Build configuration list for PBXNativeTarget "Demo" */;
			buildPhases = (
				08CDC0C81D565370008ADCF6 /* Sources */,
				08CDC0C91D565370008ADCF6 /* Frameworks */,
				08CDC0CA1D565370008ADCF6 /* Resources */,
			);
			buildRules = (
			);
			dependencies = (
			);
			name = Demo;
			productName = test;
			productReference = 08CDC0CC1D565370008ADCF6 /* Demo.app */;
			productType = "com.apple.product-type.application";
		};
/* End PBXNativeTarget section */

/* Begin PBXProject section */
		08CDC0C41D565370008ADCF6 /* Project object */ = {
			isa = PBXProject;
			attributes = {
				LastUpgradeCheck = 0830;
				ORGANIZATIONNAME = "Marike Jave";
				TargetAttributes = {
					08CDC0CB1D565370008ADCF6 = {
						CreatedOnToolsVersion = 7.3;
						ProvisioningStyle = Manual;
					};
				};
			};
			buildConfigurationList = 08CDC0C71D565370008ADCF6 /* Build configuration list for PBXProject "Demo" */;
			compatibilityVersion = "Xcode 3.2";
			developmentRegion = English;
			hasScannedForEncodings = 0;
			knownRegions = (
				en,
				Base,
			);
			mainGroup = 08CDC0C31D565370008ADCF6;
			productRefGroup = 08CDC0CD1D565370008ADCF6 /* Products */;
			projectDirPath = "";
			projectRoot = "";
			targets = (
				08CDC0CB1D565370008ADCF6 /* Demo */,
			);
		};
/* End PBXProject section */

/* Begin PBXResourcesBuildPhase section */
		08CDC0CA1D565370008ADCF6 /* Resources */ = {
			isa = PBXResourcesBuildPhase;
			buildActionMask = 2147483647;
			files = (
				08EB106A1F2B097300A34A89 /* Main.storyboard in Resources */,
				08EB10681F2B097300A34A89 /* Assets.xcassets in Resources */,
				08EB10691F2B097300A34A89 /* LaunchScreen.storyboard in Resources */,
			);
			runOnlyForDeploymentPostprocessing = 0;
		};
/* End PBXResourcesBuildPhase section */

/* Begin PBXSourcesBuildPhase section */
		08CDC0C81D565370008ADCF6 /* Sources */ = {
			isa = PBXSourcesBuildPhase;
			buildActionMask = 2147483647;
			files = (
				08EB106D1F2B097300A34A89 /* ViewController.m in Sources */,
				08EB106C1F2B097300A34A89 /* main.m in Sources */,
				08EB10671F2B097300A34A89 /* AppDelegate.m in Sources */,
				08EB10711F2B097F00A34A89 /* UIView+UIAppearance+Private.m in Sources */,
			);
			runOnlyForDeploymentPostprocessing = 0;
		};
/* End PBXSourcesBuildPhase section */

/* Begin PBXVariantGroup section */
		08EB105F1F2B097300A34A89 /* LaunchScreen.storyboard */ = {
			isa = PBXVariantGroup;
			children = (
				08EB10601F2B097300A34A89 /* Base */,
			);
			name = LaunchScreen.storyboard;
			sourceTree = "<group>";
		};
		08EB10611F2B097300A34A89 /* Main.storyboard */ = {
			isa = PBXVariantGroup;
			children = (
				08EB10621F2B097300A34A89 /* Base */,
			);
			name = Main.storyboard;
			sourceTree = "<group>";
		};
/* End PBXVariantGroup section */

/* Begin XCBuildConfiguration section */
		08CDC0F71D565371008ADCF6 /* Debug */ = {
			isa = XCBuildConfiguration;
			buildSettings = {
				ALWAYS_SEARCH_USER_PATHS = NO;
				CLANG_ANALYZER_NONNULL = YES;
				CLANG_CXX_LANGUAGE_STANDARD = "gnu++0x";
				CLANG_CXX_LIBRARY = "libc++";
				CLANG_ENABLE_MODULES = YES;
				CLANG_ENABLE_OBJC_ARC = YES;
				CLANG_WARN_BOOL_CONVERSION = YES;
				CLANG_WARN_CONSTANT_CONVERSION = YES;
				CLANG_WARN_DIRECT_OBJC_ISA_USAGE = YES_ERROR;
				CLANG_WARN_EMPTY_BODY = YES;
				CLANG_WARN_ENUM_CONVERSION = YES;
				CLANG_WARN_INFINITE_RECURSION = YES;
				CLANG_WARN_INT_CONVERSION = YES;
				CLANG_WARN_OBJC_ROOT_CLASS = YES_ERROR;
				CLANG_WARN_SUSPICIOUS_MOVE = YES;
				CLANG_WARN_UNREACHABLE_CODE = YES;
				CLANG_WARN__DUPLICATE_METHOD_MATCH = YES;
				"CODE_SIGN_IDENTITY[sdk=iphoneos*]" = "iPhone Developer";
				COPY_PHASE_STRIP = NO;
				DEBUG_INFORMATION_FORMAT = dwarf;
				ENABLE_STRICT_OBJC_MSGSEND = YES;
				ENABLE_TESTABILITY = YES;
				GCC_C_LANGUAGE_STANDARD = gnu99;
				GCC_DYNAMIC_NO_PIC = NO;
				GCC_NO_COMMON_BLOCKS = YES;
				GCC_OPTIMIZATION_LEVEL = 0;
				GCC_PREPROCESSOR_DEFINITIONS = (
					"DEBUG=1",
					"$(inherited)",
				);
				GCC_WARN_64_TO_32_BIT_CONVERSION = YES;
				GCC_WARN_ABOUT_RETURN_TYPE = YES_ERROR;
				GCC_WARN_UNDECLARED_SELECTOR = YES;
				GCC_WARN_UNINITIALIZED_AUTOS = YES_AGGRESSIVE;
				GCC_WARN_UNUSED_FUNCTION = YES;
				GCC_WARN_UNUSED_VARIABLE = YES;
				IPHONEOS_DEPLOYMENT_TARGET = 9.3;
				MTL_ENABLE_DEBUG_INFO = YES;
				ONLY_ACTIVE_ARCH = YES;
				SDKROOT = iphoneos;
				TARGETED_DEVICE_FAMILY = "1,2";
			};
			name = Debug;
		};
		08CDC0F81D565371008ADCF6 /* Release */ = {
			isa = XCBuildConfiguration;
			buildSettings = {
				ALWAYS_SEARCH_USER_PATHS = NO;
				CLANG_ANALYZER_NONNULL = YES;
				CLANG_CXX_LANGUAGE_STANDARD = "gnu++0x";
				CLANG_CXX_LIBRARY = "libc++";
				CLANG_ENABLE_MODULES = YES;
				CLANG_ENABLE_OBJC_ARC = YES;
				CLANG_WARN_BOOL_CONVERSION = YES;
				CLANG_WARN_CONSTANT_CONVERSION = YES;
				CLANG_WARN_DIRECT_OBJC_ISA_USAGE = YES_ERROR;
				CLANG_WARN_EMPTY_BODY = YES;
				CLANG_WARN_ENUM_CONVERSION = YES;
				CLANG_WARN_INFINITE_RECURSION = YES;
				CLANG_WARN_INT_CONVERSION = YES;
				CLANG_WARN_OBJC_ROOT_CLASS = YES_ERROR;
				CLANG_WARN_SUSPICIOUS_MOVE = YES;
				CLANG_WARN_UNREACHABLE_CODE = YES;
				CLANG_WARN__DUPLICATE_METHOD_MATCH = YES;
				"CODE_SIGN_IDENTITY[sdk=iphoneos*]" = "iPhone Developer";
				COPY_PHASE_STRIP = NO;
				DEBUG_INFORMATION_FORMAT = "dwarf-with-dsym";
				ENABLE_NS_ASSERTIONS = NO;
				ENABLE_STRICT_OBJC_MSGSEND = YES;
				GCC_C_LANGUAGE_STANDARD = gnu99;
				GCC_NO_COMMON_BLOCKS = YES;
				GCC_WARN_64_TO_32_BIT_CONVERSION = YES;
				GCC_WARN_ABOUT_RETURN_TYPE = YES_ERROR;
				GCC_WARN_UNDECLARED_SELECTOR = YES;
				GCC_WARN_UNINITIALIZED_AUTOS = YES_AGGRESSIVE;
				GCC_WARN_UNUSED_FUNCTION = YES;
				GCC_WARN_UNUSED_VARIABLE = YES;
				IPHONEOS_DEPLOYMENT_TARGET = 9.3;
				MTL_ENABLE_DEBUG_INFO = NO;
				SDKROOT = iphoneos;
				TARGETED_DEVICE_FAMILY = "1,2";
				VALIDATE_PRODUCT = YES;
			};
			name = Release;
		};
		08CDC0FA1D565371008ADCF6 /* Debug */ = {
			isa = XCBuildConfiguration;
			buildSettings = {
				ASSETCATALOG_COMPILER_APPICON_NAME = AppIcon;
				DEVELOPMENT_TEAM = "";
				INFOPLIST_FILE = Demo/Info.plist;
				IPHONEOS_DEPLOYMENT_TARGET = 8.0;
				LD_RUNPATH_SEARCH_PATHS = "$(inherited) @executable_path/Frameworks";
				PRODUCT_BUNDLE_IDENTIFIER = com.marikejave.test;
				PRODUCT_NAME = "$(TARGET_NAME)";
				PROVISIONING_PROFILE_SPECIFIER = "";
			};
			name = Debug;
		};
		08CDC0FB1D565371008ADCF6 /* Release */ = {
			isa = XCBuildConfiguration;
			buildSettings = {
				ASSETCATALOG_COMPILER_APPICON_NAME = AppIcon;
				DEVELOPMENT_TEAM = "";
				INFOPLIST_FILE = Demo/Info.plist;
				IPHONEOS_DEPLOYMENT_TARGET = 8.0;
				LD_RUNPATH_SEARCH_PATHS = "$(inherited) @executable_path/Frameworks";
				PRODUCT_BUNDLE_IDENTIFIER = com.marikejave.test;
				PRODUCT_NAME = "$(TARGET_NAME)";
				PROVISIONING_PROFILE_SPECIFIER = "";
			};
			name = Release;
		};
/* End XCBuildConfiguration section */

/* Begin XCConfigurationList section */
		08CDC0C71D565370008ADCF6 /* Build configuration list for PBXProject "Demo" */ = {
			isa = XCConfigurationList;
			buildConfigurations = (
				08CDC0F71D565371008ADCF6 /* Debug */,
				08CDC0F81D565371008ADCF6 /* Release */,
			);
			defaultConfigurationIsVisible = 0;
			defaultConfigurationName = Release;
		};
		08CDC0F91D565371008ADCF6 /* Build configuration list for PBXNativeTarget "Demo" */ = {
			isa = XCConfigurationList;
			buildConfigurations = (
				08CDC0FA1D565371008ADCF6 /* Debug */,
				08CDC0FB1D565371008ADCF6 /* Release */,
			);
			defaultConfigurationIsVisible = 0;
			defaultConfigurationName = Release;
		};
/* End XCConfigurationList section */
	};
	rootObject = 08CDC0C41D565370008ADCF6 /* Project object */;
}
